{
  "name": "network-monitor-root",
  "lockfileVersion": 3,
  "requires": true,
  "packages": {
    "": {
      "name": "network-monitor-root",
      "hasInstallScript": true,
      "dependencies": {
        "netmon": "^0.0.3"
      }
    },
    "node_modules/netmon": {
      "version": "0.0.3",
      "resolved": "https://registry.npmjs.org/netmon/-/netmon-0.0.3.tgz",
      "integrity": "sha512-+ZolJuNjRyjW9iKLdWB0o6N3alCuLUffkgXIkK3AjPjsB1weU4WiCZ0AoU1GmaLlfzLw1JKxfBD+3f0sfxZMEg==",
      "license": "MIT"
    }
  }
}
